<Solution>
  <Folder Name="/Task0/">
    <Project Path="Tyuiu.BolohovcevaSV.Sprint1.Task0.V5.Lib/Tyuiu.BolohovcevaSV.Sprint1.Task0.V5.Lib.csproj" />
    <Project Path="Tyuiu.BolohovcevaSV.Sprint1.Task0.V5.Test/Tyuiu.BolohovcevaSV.Sprint1.Task0.V5.Test.csproj" />
    <Project Path="Tyuiu.BolohovcevaSV.Sprint1.Task0.V5/Tyuiu.BolohovcevaSV.Sprint1.Task0.V5.csproj" />
  </Folder>
  <Folder Name="/Task1/">
    <Project Path="Tyuiu.BolohovcevaSV.Sprint1.Task1.V20.Lib/Tyuiu.BolohovcevaSV.Sprint1.Task1.V20.Lib.csproj" />
    <Project Path="Tyuiu.BolohovcevaSV.Sprint1.Task1.V20.Test/Tyuiu.BolohovcevaSV.Sprint1.Task1.V20.Test.csproj" />
    <Project Path="Tyuiu.BolohovcevaSV.Sprint1.Task1.V20/Tyuiu.BolohovcevaSV.Sprint1.Task1.V20.csproj" />
  </Folder>
  <Folder Name="/Task2/">
    <Project Path="Tyuiu.BolohovcevaSV.Sprint1.Task2.V27.Lib/Tyuiu.BolohovcevaSV.Sprint1.Task2.V27.Lib.csproj" Id="be56602a-bdbf-4cab-8072-32311954d46d" />
    <Project Path="Tyuiu.BolohovcevaSV.Sprint1.Task2.V27.Test/Tyuiu.BolohovcevaSV.Sprint1.Task2.V27.Test.csproj" Id="ceec53db-9262-416b-9f63-c1f60062ce5c" />
    <Project Path="Tyuiu.BolohovcevaSV.Sprint1.Task2.V27/Tyuiu.BolohovcevaSV.Sprint1.Task2.V27.csproj" Id="749c7875-7e4b-4d40-a9ce-12a6775d714f" />
  </Folder>
  <Folder Name="/Task3/">
    <Project Path="Tyuiu.BolohovcevaSV.Sprint1.Task3.V10.Lib/Tyuiu.BolohovcevaSV.Sprint1.Task3.V10.Lib.csproj" Id="16052f78-693a-4c2c-b445-f1171e3dbfa9" />
    <Project Path="Tyuiu.BolohovcevaSV.Sprint1.Task3.V10.Test/Tyuiu.BolohovcevaSV.Sprint1.Task3.V10.Test.csproj" Id="d3c03805-e723-4f75-ac5e-669c49d79c79" />
    <Project Path="Tyuiu.BolohovcevaSV.Sprint1.Task3.V10/Tyuiu.BolohovcevaSV.Sprint1.Task3.V10.csproj" Id="62286531-c68a-4b50-988d-941a16007e3c" />
  </Folder>
  <Folder Name="/Task4/">
    <Project Path="Tyuiu.BolohovcevaSV.Sprint1.Task4.V7.Lib/Tyuiu.BolohovcevaSV.Sprint1.Task4.V7.Lib.csproj" Id="59802ea8-ff4b-44bb-b3f1-4785172e9536" />
    <Project Path="Tyuiu.BolohovcevaSV.Sprint1.Task4.V7.Test/Tyuiu.BolohovcevaSV.Sprint1.Task4.V7.Test.csproj" Id="aa34e5e8-818c-4edb-aafa-45a25334cb16" />
    <Project Path="Tyuiu.BolohovcevaSV.Sprint1.Task4.V7/Tyuiu.BolohovcevaSV.Sprint1.Task4.V7.csproj" Id="4d8fd34c-a1b4-4ded-bffc-ff8e86bdc7ba" />
  </Folder>
</Solution>
