<Solution>
  <Folder Name="/Task0/">
    <Project Path="Tyuiu.BolohovcevaSV.Sprint1.Task0.V5.Lib/Tyuiu.BolohovcevaSV.Sprint1.Task0.V5.Lib.csproj" />
    <Project Path="Tyuiu.BolohovcevaSV.Sprint1.Task0.V5.Test/Tyuiu.BolohovcevaSV.Sprint1.Task0.V5.Test.csproj" />
    <Project Path="Tyuiu.BolohovcevaSV.Sprint1.Task0.V5/Tyuiu.BolohovcevaSV.Sprint1.Task0.V5.csproj" />
  </Folder>
</Solution>
